Microsoft Visual Studio Solution File, Format Version 12.00
# Visual Studio Version 17
VisualStudioVersion = 17.0.31903.59
MinimumVisualStudioVersion = 10.0.40219.1
Project("{FAE04EC0-301F-11D3-BF4B-00C04F79EFBC}") = "CS2RuntimeProfiler", "src\CS2RuntimeProfiler\CS2RuntimeProfiler.csproj", "{B1BFD5EE-0C9D-4E42-82C1-A66E8D13C001}"
EndProject
Project("{FAE04EC0-301F-11D3-BF4B-00C04F79EFBC}") = "CS2RuntimeProfiler.Tests", "tests\CS2RuntimeProfiler.Tests\CS2RuntimeProfiler.Tests.csproj", "{B1BFD5EE-0C9D-4E42-82C1-A66E8D13C002}"
EndProject
Project("{FAE04EC0-301F-11D3-BF4B-00C04F79EFBC}") = "CS2RuntimeProfiler.AdapterTests", "tests\CS2RuntimeProfiler.AdapterTests\CS2RuntimeProfiler.AdapterTests.csproj", "{B1BFD5EE-0C9D-4E42-82C1-A66E8D13C003}"
EndProject
Global
	GlobalSection(SolutionConfigurationPlatforms) = preSolution
		Debug|Any CPU = Debug|Any CPU
		Release|Any CPU = Release|Any CPU
	EndGlobalSection
	GlobalSection(ProjectConfigurationPlatforms) = postSolution
		{B1BFD5EE-0C9D-4E42-82C1-A66E8D13C001}.Debug|Any CPU.ActiveCfg = Debug|Any CPU
		{B1BFD5EE-0C9D-4E42-82C1-A66E8D13C001}.Debug|Any CPU.Build.0 = Debug|Any CPU
		{B1BFD5EE-0C9D-4E42-82C1-A66E8D13C001}.Release|Any CPU.ActiveCfg = Release|Any CPU
		{B1BFD5EE-0C9D-4E42-82C1-A66E8D13C001}.Release|Any CPU.Build.0 = Release|Any CPU
		{B1BFD5EE-0C9D-4E42-82C1-A66E8D13C002}.Debug|Any CPU.ActiveCfg = Debug|Any CPU
		{B1BFD5EE-0C9D-4E42-82C1-A66E8D13C002}.Debug|Any CPU.Build.0 = Debug|Any CPU
		{B1BFD5EE-0C9D-4E42-82C1-A66E8D13C002}.Release|Any CPU.ActiveCfg = Release|Any CPU
		{B1BFD5EE-0C9D-4E42-82C1-A66E8D13C002}.Release|Any CPU.Build.0 = Release|Any CPU
		{B1BFD5EE-0C9D-4E42-82C1-A66E8D13C003}.Debug|Any CPU.ActiveCfg = Debug|Any CPU
		{B1BFD5EE-0C9D-4E42-82C1-A66E8D13C003}.Debug|Any CPU.Build.0 = Debug|Any CPU
		{B1BFD5EE-0C9D-4E42-82C1-A66E8D13C003}.Release|Any CPU.ActiveCfg = Release|Any CPU
		{B1BFD5EE-0C9D-4E42-82C1-A66E8D13C003}.Release|Any CPU.Build.0 = Release|Any CPU
	EndGlobalSection
EndGlobal
